
Microsoft Visual Studio Solution File, Format Version 12.00
# Visual Studio Version 17
VisualStudioVersion = 17.5.33627.172
MinimumVisualStudioVersion = 10.0.40219.1
Project("{9A19103F-16F7-4668-BE54-9A1E7A4F7556}") = "JJMedia5.Media", "src\JJMedia5.Media\JJMedia5.Media.csproj", "{F088868A-B2EB-43C1-8CA5-3FA00BFFAD34}"
EndProject
Project("{E53339B2-1760-4266-BCC7-CA923CBCF16C}") = "docker-compose", "build\docker-compose.dcproj", "{800D6B7C-1BDF-4EFE-92C6-FDDF02A69D57}"
EndProject
Project("{9A19103F-16F7-4668-BE54-9A1E7A4F7556}") = "JJMedia5.Core", "src\JJMedia5.Core\JJMedia5.Core.csproj", "{6A615A76-E536-4C2D-8BD5-D8CBF6C1DBC2}"
EndProject
Project("{2150E333-8FDC-42A3-9474-1A3956D46DE8}") = "build", "build", "{4D4E7CCF-47B0-4BF1-BCD0-21745ED65D1E}"
EndProject
Project("{2150E333-8FDC-42A3-9474-1A3956D46DE8}") = "src", "src", "{F9E2B3AB-92AE-47D0-A66F-D92CFCB99DBB}"
EndProject
Project("{00D1A9C2-B5F0-4AF3-8072-F6C62B433612}") = "JJMedia5.Database", "src\JJMedia5.Database\JJMedia5.Database.sqlproj", "{14047026-5FFE-4AAB-A3B3-657F31925AC6}"
EndProject
Project("{2150E333-8FDC-42A3-9474-1A3956D46DE8}") = "common", "common", "{AEABE56A-BB8B-4499-999C-D0387260CDDF}"
EndProject
Project("{2150E333-8FDC-42A3-9474-1A3956D46DE8}") = "services", "services", "{FC39098C-6154-46BC-9C76-276929897821}"
EndProject
Project("{9A19103F-16F7-4668-BE54-9A1E7A4F7556}") = "JJMedia5.FileManager", "src\JJMedia5.FileManager\JJMedia5.FileManager.csproj", "{E6FF7A0D-B514-411C-81A3-8D7AD01E15E6}"
EndProject
Project("{9A19103F-16F7-4668-BE54-9A1E7A4F7556}") = "JJMedia5.Core.Database", "src\JJMedia5.Core.Database\JJMedia5.Core.Database.csproj", "{9CD8419E-D37B-42E8-AB6B-164DBA1B7CA2}"
EndProject
Project("{2150E333-8FDC-42A3-9474-1A3956D46DE8}") = "client", "client", "{BCC02932-2FE3-42A2-A141-F1549F39D312}"
EndProject
Project("{2150E333-8FDC-42A3-9474-1A3956D46DE8}") = "test", "test", "{2DA6B6FD-6BEE-49D8-A3EE-42748815D6D8}"
EndProject
Project("{9A19103F-16F7-4668-BE54-9A1E7A4F7556}") = "JJMedia5.Tests", "src\JJMedia5.Tests\JJMedia5.Tests.csproj", "{3C72080D-5AD7-4673-B438-395D1895ED86}"
EndProject
Project("{9A19103F-16F7-4668-BE54-9A1E7A4F7556}") = "JJMedia5.Main", "src\JJMedia5.Main\JJMedia5.Main.csproj", "{EDCFE938-E664-4BD3-83EB-6CAE4394B4FC}"
EndProject
Global
	GlobalSection(SolutionConfigurationPlatforms) = preSolution
		Debug|Any CPU = Debug|Any CPU
		Release|Any CPU = Release|Any CPU
	EndGlobalSection
	GlobalSection(ProjectConfigurationPlatforms) = postSolution
		{F088868A-B2EB-43C1-8CA5-3FA00BFFAD34}.Debug|Any CPU.ActiveCfg = Debug|Any CPU
		{F088868A-B2EB-43C1-8CA5-3FA00BFFAD34}.Debug|Any CPU.Build.0 = Debug|Any CPU
		{F088868A-B2EB-43C1-8CA5-3FA00BFFAD34}.Release|Any CPU.ActiveCfg = Release|Any CPU
		{F088868A-B2EB-43C1-8CA5-3FA00BFFAD34}.Release|Any CPU.Build.0 = Release|Any CPU
		{800D6B7C-1BDF-4EFE-92C6-FDDF02A69D57}.Debug|Any CPU.ActiveCfg = Debug|Any CPU
		{800D6B7C-1BDF-4EFE-92C6-FDDF02A69D57}.Debug|Any CPU.Build.0 = Debug|Any CPU
		{800D6B7C-1BDF-4EFE-92C6-FDDF02A69D57}.Release|Any CPU.ActiveCfg = Release|Any CPU
		{800D6B7C-1BDF-4EFE-92C6-FDDF02A69D57}.Release|Any CPU.Build.0 = Release|Any CPU
		{6A615A76-E536-4C2D-8BD5-D8CBF6C1DBC2}.Debug|Any CPU.ActiveCfg = Debug|Any CPU
		{6A615A76-E536-4C2D-8BD5-D8CBF6C1DBC2}.Debug|Any CPU.Build.0 = Debug|Any CPU
		{6A615A76-E536-4C2D-8BD5-D8CBF6C1DBC2}.Release|Any CPU.ActiveCfg = Release|Any CPU
		{6A615A76-E536-4C2D-8BD5-D8CBF6C1DBC2}.Release|Any CPU.Build.0 = Release|Any CPU
		{14047026-5FFE-4AAB-A3B3-657F31925AC6}.Debug|Any CPU.ActiveCfg = Debug|Any CPU
		{14047026-5FFE-4AAB-A3B3-657F31925AC6}.Debug|Any CPU.Build.0 = Debug|Any CPU
		{14047026-5FFE-4AAB-A3B3-657F31925AC6}.Debug|Any CPU.Deploy.0 = Debug|Any CPU
		{14047026-5FFE-4AAB-A3B3-657F31925AC6}.Release|Any CPU.ActiveCfg = Release|Any CPU
		{14047026-5FFE-4AAB-A3B3-657F31925AC6}.Release|Any CPU.Build.0 = Release|Any CPU
		{14047026-5FFE-4AAB-A3B3-657F31925AC6}.Release|Any CPU.Deploy.0 = Release|Any CPU
		{E6FF7A0D-B514-411C-81A3-8D7AD01E15E6}.Debug|Any CPU.ActiveCfg = Debug|Any CPU
		{E6FF7A0D-B514-411C-81A3-8D7AD01E15E6}.Debug|Any CPU.Build.0 = Debug|Any CPU
		{E6FF7A0D-B514-411C-81A3-8D7AD01E15E6}.Release|Any CPU.ActiveCfg = Release|Any CPU
		{E6FF7A0D-B514-411C-81A3-8D7AD01E15E6}.Release|Any CPU.Build.0 = Release|Any CPU
		{9CD8419E-D37B-42E8-AB6B-164DBA1B7CA2}.Debug|Any CPU.ActiveCfg = Debug|Any CPU
		{9CD8419E-D37B-42E8-AB6B-164DBA1B7CA2}.Debug|Any CPU.Build.0 = Debug|Any CPU
		{9CD8419E-D37B-42E8-AB6B-164DBA1B7CA2}.Release|Any CPU.ActiveCfg = Release|Any CPU
		{9CD8419E-D37B-42E8-AB6B-164DBA1B7CA2}.Release|Any CPU.Build.0 = Release|Any CPU
		{3C72080D-5AD7-4673-B438-395D1895ED86}.Debug|Any CPU.ActiveCfg = Debug|Any CPU
		{3C72080D-5AD7-4673-B438-395D1895ED86}.Debug|Any CPU.Build.0 = Debug|Any CPU
		{3C72080D-5AD7-4673-B438-395D1895ED86}.Release|Any CPU.ActiveCfg = Release|Any CPU
		{3C72080D-5AD7-4673-B438-395D1895ED86}.Release|Any CPU.Build.0 = Release|Any CPU
		{EDCFE938-E664-4BD3-83EB-6CAE4394B4FC}.Debug|Any CPU.ActiveCfg = Debug|Any CPU
		{EDCFE938-E664-4BD3-83EB-6CAE4394B4FC}.Debug|Any CPU.Build.0 = Debug|Any CPU
		{EDCFE938-E664-4BD3-83EB-6CAE4394B4FC}.Release|Any CPU.ActiveCfg = Release|Any CPU
		{EDCFE938-E664-4BD3-83EB-6CAE4394B4FC}.Release|Any CPU.Build.0 = Release|Any CPU
	EndGlobalSection
	GlobalSection(SolutionProperties) = preSolution
		HideSolutionNode = FALSE
	EndGlobalSection
	GlobalSection(NestedProjects) = preSolution
		{F088868A-B2EB-43C1-8CA5-3FA00BFFAD34} = {FC39098C-6154-46BC-9C76-276929897821}
		{800D6B7C-1BDF-4EFE-92C6-FDDF02A69D57} = {4D4E7CCF-47B0-4BF1-BCD0-21745ED65D1E}
		{6A615A76-E536-4C2D-8BD5-D8CBF6C1DBC2} = {AEABE56A-BB8B-4499-999C-D0387260CDDF}
		{14047026-5FFE-4AAB-A3B3-657F31925AC6} = {AEABE56A-BB8B-4499-999C-D0387260CDDF}
		{AEABE56A-BB8B-4499-999C-D0387260CDDF} = {F9E2B3AB-92AE-47D0-A66F-D92CFCB99DBB}
		{FC39098C-6154-46BC-9C76-276929897821} = {F9E2B3AB-92AE-47D0-A66F-D92CFCB99DBB}
		{E6FF7A0D-B514-411C-81A3-8D7AD01E15E6} = {FC39098C-6154-46BC-9C76-276929897821}
		{9CD8419E-D37B-42E8-AB6B-164DBA1B7CA2} = {AEABE56A-BB8B-4499-999C-D0387260CDDF}
		{BCC02932-2FE3-42A2-A141-F1549F39D312} = {F9E2B3AB-92AE-47D0-A66F-D92CFCB99DBB}
		{2DA6B6FD-6BEE-49D8-A3EE-42748815D6D8} = {F9E2B3AB-92AE-47D0-A66F-D92CFCB99DBB}
		{3C72080D-5AD7-4673-B438-395D1895ED86} = {2DA6B6FD-6BEE-49D8-A3EE-42748815D6D8}
		{EDCFE938-E664-4BD3-83EB-6CAE4394B4FC} = {FC39098C-6154-46BC-9C76-276929897821}
	EndGlobalSection
	GlobalSection(ExtensibilityGlobals) = postSolution
		SolutionGuid = {A530E2F0-53D6-4BF6-853F-C1A77FF635DE}
	EndGlobalSection
EndGlobal
